
Microsoft Visual Studio Solution File, Format Version 12.00
# Visual Studio 15
VisualStudioVersion = 15.0.27130.2010
MinimumVisualStudioVersion = 10.0.40219.1
Project("{FAE04EC0-301F-11D3-BF4B-00C04F79EFBC}") = "Client", "Targil\Client.csproj", "{EA7E3974-F94C-44F6-95E2-2066F808C2DE}"
EndProject
Project("{9A19103F-16F7-4668-BE54-9A1E7A4F7556}") = "LedgerLogic", "Legder\LedgerLogic.csproj", "{74059614-869F-4FAD-9A60-E0ECACCB0382}"
	ProjectSection(ProjectDependencies) = postProject
		{AC81972C-E739-4B28-97E3-107299F4C977} = {AC81972C-E739-4B28-97E3-107299F4C977}
	EndProjectSection
EndProject
Project("{FAE04EC0-301F-11D3-BF4B-00C04F79EFBC}") = "LedgerAPI", "LedgerAPI\LedgerAPI.csproj", "{AC81972C-E739-4B28-97E3-107299F4C977}"
EndProject
Project("{FAE04EC0-301F-11D3-BF4B-00C04F79EFBC}") = "LedgerDatabase", "LedgerDatabase\LedgerDatabase.csproj", "{36C9CFFD-E54D-41CB-9800-016264E45635}"
EndProject
Global
	GlobalSection(SolutionConfigurationPlatforms) = preSolution
		Debug|Any CPU = Debug|Any CPU
		Release|Any CPU = Release|Any CPU
	EndGlobalSection
	GlobalSection(ProjectConfigurationPlatforms) = postSolution
		{EA7E3974-F94C-44F6-95E2-2066F808C2DE}.Debug|Any CPU.ActiveCfg = Debug|Any CPU
		{EA7E3974-F94C-44F6-95E2-2066F808C2DE}.Debug|Any CPU.Build.0 = Debug|Any CPU
		{EA7E3974-F94C-44F6-95E2-2066F808C2DE}.Release|Any CPU.ActiveCfg = Release|Any CPU
		{EA7E3974-F94C-44F6-95E2-2066F808C2DE}.Release|Any CPU.Build.0 = Release|Any CPU
		{74059614-869F-4FAD-9A60-E0ECACCB0382}.Debug|Any CPU.ActiveCfg = Debug|Any CPU
		{74059614-869F-4FAD-9A60-E0ECACCB0382}.Debug|Any CPU.Build.0 = Debug|Any CPU
		{74059614-869F-4FAD-9A60-E0ECACCB0382}.Release|Any CPU.ActiveCfg = Release|Any CPU
		{74059614-869F-4FAD-9A60-E0ECACCB0382}.Release|Any CPU.Build.0 = Release|Any CPU
		{AC81972C-E739-4B28-97E3-107299F4C977}.Debug|Any CPU.ActiveCfg = Debug|Any CPU
		{AC81972C-E739-4B28-97E3-107299F4C977}.Debug|Any CPU.Build.0 = Debug|Any CPU
		{AC81972C-E739-4B28-97E3-107299F4C977}.Release|Any CPU.ActiveCfg = Release|Any CPU
		{AC81972C-E739-4B28-97E3-107299F4C977}.Release|Any CPU.Build.0 = Release|Any CPU
		{36C9CFFD-E54D-41CB-9800-016264E45635}.Debug|Any CPU.ActiveCfg = Debug|Any CPU
		{36C9CFFD-E54D-41CB-9800-016264E45635}.Debug|Any CPU.Build.0 = Debug|Any CPU
		{36C9CFFD-E54D-41CB-9800-016264E45635}.Release|Any CPU.ActiveCfg = Release|Any CPU
		{36C9CFFD-E54D-41CB-9800-016264E45635}.Release|Any CPU.Build.0 = Release|Any CPU
	EndGlobalSection
	GlobalSection(SolutionProperties) = preSolution
		HideSolutionNode = FALSE
	EndGlobalSection
	GlobalSection(ExtensibilityGlobals) = postSolution
		SolutionGuid = {419DE8F1-83C0-4DD8-A4EE-EC8BC1C65651}
	EndGlobalSection
EndGlobal
